// !$*UTF8*$!
{
	archiveVersion = 1;
	classes = {
	};
	objectVersion = 51;
	objects = {

/* Begin PBXBuildFile section */
		051A6DD5BECAC792BC7F0378 /* Pods_MarvelProjectTests.framework in Frameworks */ = {isa = PBXBuildFile; fileRef = 6A149A5E297FE947AB41BF06 /* Pods_MarvelProjectTests.framework */; };
		0A182090279DA51F00C9C520 /* AppDelegate.swift in Sources */ = {isa = PBXBuildFile; fileRef = 0A18208F279DA51F00C9C520 /* AppDelegate.swift */; };
		0A182092279DA51F00C9C520 /* SceneDelegate.swift in Sources */ = {isa = PBXBuildFile; fileRef = 0A182091279DA51F00C9C520 /* SceneDelegate.swift */; };
		0A182097279DA51F00C9C520 /* Main.storyboard in Resources */ = {isa = PBXBuildFile; fileRef = 0A182095279DA51F00C9C520 /* Main.storyboard */; };
		0A182099279DA52200C9C520 /* Assets.xcassets in Resources */ = {isa = PBXBuildFile; fileRef = 0A182098279DA52200C9C520 /* Assets.xcassets */; };
		0A18209C279DA52200C9C520 /* LaunchScreen.storyboard in Resources */ = {isa = PBXBuildFile; fileRef = 0A18209A279DA52200C9C520 /* LaunchScreen.storyboard */; };
		0A1820A7279DA52200C9C520 /* MarvelProjectTests.swift in Sources */ = {isa = PBXBuildFile; fileRef = 0A1820A6279DA52200C9C520 /* MarvelProjectTests.swift */; };
		0A1820B2279DA52200C9C520 /* MarvelProjectUITests.swift in Sources */ = {isa = PBXBuildFile; fileRef = 0A1820B1279DA52200C9C520 /* MarvelProjectUITests.swift */; };
		0A182103279DA6CE00C9C520 /* ApiInterface.swift in Sources */ = {isa = PBXBuildFile; fileRef = 0A182102279DA6CE00C9C520 /* ApiInterface.swift */; };
		0A182108279DA8BC00C9C520 /* Api.swift in Sources */ = {isa = PBXBuildFile; fileRef = 0A182107279DA8BC00C9C520 /* Api.swift */; };
		0A182111279DAC9F00C9C520 /* CharaterListViewModel.swift in Sources */ = {isa = PBXBuildFile; fileRef = 0A182110279DAC9F00C9C520 /* CharaterListViewModel.swift */; };
		0A182116279DACDC00C9C520 /* CharacterRepository.swift in Sources */ = {isa = PBXBuildFile; fileRef = 0A182115279DACDC00C9C520 /* CharacterRepository.swift */; };
		0A18211C279DAE3700C9C520 /* CharactersAPI.swift in Sources */ = {isa = PBXBuildFile; fileRef = 0A18211B279DAE3700C9C520 /* CharactersAPI.swift */; };
		0A182125279DAED500C9C520 /* Character.swift in Sources */ = {isa = PBXBuildFile; fileRef = 0A182124279DAED500C9C520 /* Character.swift */; };
		0A18212D279DB4D900C9C520 /* CharacterListViewController.swift in Sources */ = {isa = PBXBuildFile; fileRef = 0A18212C279DB4D900C9C520 /* CharacterListViewController.swift */; };
		0A182135279DC58000C9C520 /* Constants.swift in Sources */ = {isa = PBXBuildFile; fileRef = 0A182134279DC58000C9C520 /* Constants.swift */; };
		0A1FD67D27A09EF4001A9D15 /* UIImageView.swift in Sources */ = {isa = PBXBuildFile; fileRef = 0A1FD67C27A09EF4001A9D15 /* UIImageView.swift */; };
		0A1FD68227A0A8EE001A9D15 /* UIViewExtension.swift in Sources */ = {isa = PBXBuildFile; fileRef = 0A1FD68127A0A8EE001A9D15 /* UIViewExtension.swift */; };
		0A22918927A03EAC00D06AC6 /* ResponseData.swift in Sources */ = {isa = PBXBuildFile; fileRef = 0A22918827A03EAC00D06AC6 /* ResponseData.swift */; };
		0A7A1B9C279EEAD900BADF08 /* CharactersResponseDTO.swift in Sources */ = {isa = PBXBuildFile; fileRef = 0A7A1B9B279EEAD900BADF08 /* CharactersResponseDTO.swift */; };
		0A7A1BA2279EF09100BADF08 /* ApiError.swift in Sources */ = {isa = PBXBuildFile; fileRef = 0A7A1BA1279EF09000BADF08 /* ApiError.swift */; };
		0A7A1BA9279EF92600BADF08 /* CharacterTableViewCell.swift in Sources */ = {isa = PBXBuildFile; fileRef = 0A7A1BA7279EF92600BADF08 /* CharacterTableViewCell.swift */; };
		0A7A1BAA279EF92600BADF08 /* CharacterTableViewCell.xib in Resources */ = {isa = PBXBuildFile; fileRef = 0A7A1BA8279EF92600BADF08 /* CharacterTableViewCell.xib */; };
		0A7A1BAF279EFA7F00BADF08 /* CharacterViewModel.swift in Sources */ = {isa = PBXBuildFile; fileRef = 0A7A1BAE279EFA7F00BADF08 /* CharacterViewModel.swift */; };
		0A7A1BB5279EFE1D00BADF08 /* StringExtension.swift in Sources */ = {isa = PBXBuildFile; fileRef = 0A7A1BB4279EFE1D00BADF08 /* StringExtension.swift */; };
		0A97F89E27A1E72100A2F6F2 /* CharacterDetailViewModel.swift in Sources */ = {isa = PBXBuildFile; fileRef = 0A97F89D27A1E72100A2F6F2 /* CharacterDetailViewModel.swift */; };
		0A97F8A327A1EB4600A2F6F2 /* CharacterDetailViewController.swift in Sources */ = {isa = PBXBuildFile; fileRef = 0A97F8A227A1EB4600A2F6F2 /* CharacterDetailViewController.swift */; };
		0ACFA3C327A19E1D00FB116C /* CustomLoadingView.swift in Sources */ = {isa = PBXBuildFile; fileRef = 0ACFA3C227A19E1D00FB116C /* CustomLoadingView.swift */; };
		0ACFA3CE27A19F1C00FB116C /* iron-anim.json in Resources */ = {isa = PBXBuildFile; fileRef = 0ACFA3CD27A19F1C00FB116C /* iron-anim.json */; };
		89EFD85643D6D2130D5728A2 /* Pods_MarvelProject_MarvelProjectUITests.framework in Frameworks */ = {isa = PBXBuildFile; fileRef = 173E091DB83A654ACC6D77CD /* Pods_MarvelProject_MarvelProjectUITests.framework */; };
		FB3183DC08537D15C33D5905 /* Pods_MarvelProject.framework in Frameworks */ = {isa = PBXBuildFile; fileRef = 089A85389E564E6BD544CCC7 /* Pods_MarvelProject.framework */; };
/* End PBXBuildFile section */

/* Begin PBXContainerItemProxy section */
		0A1820A3279DA52200C9C520 /* PBXContainerItemProxy */ = {
			isa = PBXContainerItemProxy;
			containerPortal = 0A182084279DA51F00C9C520 /* Project object */;
			proxyType = 1;
			remoteGlobalIDString = 0A18208B279DA51F00C9C520;
			remoteInfo = MarvelProject;
		};
		0A1820AE279DA52200C9C520 /* PBXContainerItemProxy */ = {
			isa = PBXContainerItemProxy;
			containerPortal = 0A182084279DA51F00C9C520 /* Project object */;
			proxyType = 1;
			remoteGlobalIDString = 0A18208B279DA51F00C9C520;
			remoteInfo = MarvelProject;
		};
/* End PBXContainerItemProxy section */

/* Begin PBXFileReference section */
		089A85389E564E6BD544CCC7 /* Pods_MarvelProject.framework */ = {isa = PBXFileReference; explicitFileType = wrapper.framework; includeInIndex = 0; path = Pods_MarvelProject.framework; sourceTree = BUILT_PRODUCTS_DIR; };
		090CD07DCE3C0499474085B9 /* Pods-MarvelProject-MarvelProjectUITests.release.xcconfig */ = {isa = PBXFileReference; includeInIndex = 1; lastKnownFileType = text.xcconfig; name = "Pods-MarvelProject-MarvelProjectUITests.release.xcconfig"; path = "Target Support Files/Pods-MarvelProject-MarvelProjectUITests/Pods-MarvelProject-MarvelProjectUITests.release.xcconfig"; sourceTree = "<group>"; };
		09A1CD1FF4AD99B16294C4D2 /* Pods-MarvelProjectTests.release.xcconfig */ = {isa = PBXFileReference; includeInIndex = 1; lastKnownFileType = text.xcconfig; name = "Pods-MarvelProjectTests.release.xcconfig"; path = "Target Support Files/Pods-MarvelProjectTests/Pods-MarvelProjectTests.release.xcconfig"; sourceTree = "<group>"; };
		0A18208C279DA51F00C9C520 /* MarvelProject.app */ = {isa = PBXFileReference; explicitFileType = wrapper.application; includeInIndex = 0; path = MarvelProject.app; sourceTree = BUILT_PRODUCTS_DIR; };
		0A18208F279DA51F00C9C520 /* AppDelegate.swift */ = {isa = PBXFileReference; lastKnownFileType = sourcecode.swift; path = AppDelegate.swift; sourceTree = "<group>"; };
		0A182091279DA51F00C9C520 /* SceneDelegate.swift */ = {isa = PBXFileReference; lastKnownFileType = sourcecode.swift; path = SceneDelegate.swift; sourceTree = "<group>"; };
		0A182096279DA51F00C9C520 /* Base */ = {isa = PBXFileReference; lastKnownFileType = file.storyboard; name = Base; path = Base.lproj/Main.storyboard; sourceTree = "<group>"; };
		0A182098279DA52200C9C520 /* Assets.xcassets */ = {isa = PBXFileReference; lastKnownFileType = folder.assetcatalog; path = Assets.xcassets; sourceTree = "<group>"; };
		0A18209B279DA52200C9C520 /* Base */ = {isa = PBXFileReference; lastKnownFileType = file.storyboard; name = Base; path = Base.lproj/LaunchScreen.storyboard; sourceTree = "<group>"; };
		0A18209D279DA52200C9C520 /* Info.plist */ = {isa = PBXFileReference; lastKnownFileType = text.plist.xml; path = Info.plist; sourceTree = "<group>"; };
		0A1820A2279DA52200C9C520 /* MarvelProjectTests.xctest */ = {isa = PBXFileReference; explicitFileType = wrapper.cfbundle; includeInIndex = 0; path = MarvelProjectTests.xctest; sourceTree = BUILT_PRODUCTS_DIR; };
		0A1820A6279DA52200C9C520 /* MarvelProjectTests.swift */ = {isa = PBXFileReference; lastKnownFileType = sourcecode.swift; path = MarvelProjectTests.swift; sourceTree = "<group>"; };
		0A1820A8279DA52200C9C520 /* Info.plist */ = {isa = PBXFileReference; lastKnownFileType = text.plist.xml; path = Info.plist; sourceTree = "<group>"; };
		0A1820AD279DA52200C9C520 /* MarvelProjectUITests.xctest */ = {isa = PBXFileReference; explicitFileType = wrapper.cfbundle; includeInIndex = 0; path = MarvelProjectUITests.xctest; sourceTree = BUILT_PRODUCTS_DIR; };
		0A1820B1279DA52200C9C520 /* MarvelProjectUITests.swift */ = {isa = PBXFileReference; lastKnownFileType = sourcecode.swift; path = MarvelProjectUITests.swift; sourceTree = "<group>"; };
		0A1820B3279DA52200C9C520 /* Info.plist */ = {isa = PBXFileReference; lastKnownFileType = text.plist.xml; path = Info.plist; sourceTree = "<group>"; };
		0A182102279DA6CE00C9C520 /* ApiInterface.swift */ = {isa = PBXFileReference; lastKnownFileType = sourcecode.swift; path = ApiInterface.swift; sourceTree = "<group>"; };
		0A182107279DA8BC00C9C520 /* Api.swift */ = {isa = PBXFileReference; lastKnownFileType = sourcecode.swift; path = Api.swift; sourceTree = "<group>"; };
		0A182110279DAC9F00C9C520 /* CharaterListViewModel.swift */ = {isa = PBXFileReference; lastKnownFileType = sourcecode.swift; path = CharaterListViewModel.swift; sourceTree = "<group>"; };
		0A182115279DACDC00C9C520 /* CharacterRepository.swift */ = {isa = PBXFileReference; lastKnownFileType = sourcecode.swift; path = CharacterRepository.swift; sourceTree = "<group>"; };
		0A18211B279DAE3700C9C520 /* CharactersAPI.swift */ = {isa = PBXFileReference; lastKnownFileType = sourcecode.swift; path = CharactersAPI.swift; sourceTree = "<group>"; };
		0A182124279DAED500C9C520 /* Character.swift */ = {isa = PBXFileReference; lastKnownFileType = sourcecode.swift; path = Character.swift; sourceTree = "<group>"; };
		0A18212C279DB4D900C9C520 /* CharacterListViewController.swift */ = {isa = PBXFileReference; lastKnownFileType = sourcecode.swift; path = CharacterListViewController.swift; sourceTree = "<group>"; };
		0A182134279DC58000C9C520 /* Constants.swift */ = {isa = PBXFileReference; lastKnownFileType = sourcecode.swift; path = Constants.swift; sourceTree = "<group>"; };
		0A1FD67C27A09EF4001A9D15 /* UIImageView.swift */ = {isa = PBXFileReference; lastKnownFileType = sourcecode.swift; path = UIImageView.swift; sourceTree = "<group>"; };
		0A1FD68127A0A8EE001A9D15 /* UIViewExtension.swift */ = {isa = PBXFileReference; lastKnownFileType = sourcecode.swift; path = UIViewExtension.swift; sourceTree = "<group>"; };
		0A22918827A03EAC00D06AC6 /* ResponseData.swift */ = {isa = PBXFileReference; lastKnownFileType = sourcecode.swift; path = ResponseData.swift; sourceTree = "<group>"; };
		0A7A1B9B279EEAD900BADF08 /* CharactersResponseDTO.swift */ = {isa = PBXFileReference; lastKnownFileType = sourcecode.swift; path = CharactersResponseDTO.swift; sourceTree = "<group>"; };
		0A7A1BA1279EF09000BADF08 /* ApiError.swift */ = {isa = PBXFileReference; lastKnownFileType = sourcecode.swift; path = ApiError.swift; sourceTree = "<group>"; };
		0A7A1BA7279EF92600BADF08 /* CharacterTableViewCell.swift */ = {isa = PBXFileReference; lastKnownFileType = sourcecode.swift; path = CharacterTableViewCell.swift; sourceTree = "<group>"; };
		0A7A1BA8279EF92600BADF08 /* CharacterTableViewCell.xib */ = {isa = PBXFileReference; lastKnownFileType = file.xib; path = CharacterTableViewCell.xib; sourceTree = "<group>"; };
		0A7A1BAE279EFA7F00BADF08 /* CharacterViewModel.swift */ = {isa = PBXFileReference; lastKnownFileType = sourcecode.swift; path = CharacterViewModel.swift; sourceTree = "<group>"; };
		0A7A1BB4279EFE1D00BADF08 /* StringExtension.swift */ = {isa = PBXFileReference; lastKnownFileType = sourcecode.swift; path = StringExtension.swift; sourceTree = "<group>"; };
		0A7A1BC1279F067C00BADF08 /* Config.xcconfig */ = {isa = PBXFileReference; lastKnownFileType = text.xcconfig; path = Config.xcconfig; sourceTree = "<group>"; };
		0A97F89D27A1E72100A2F6F2 /* CharacterDetailViewModel.swift */ = {isa = PBXFileReference; lastKnownFileType = sourcecode.swift; path = CharacterDetailViewModel.swift; sourceTree = "<group>"; };
		0A97F8A227A1EB4600A2F6F2 /* CharacterDetailViewController.swift */ = {isa = PBXFileReference; lastKnownFileType = sourcecode.swift; path = CharacterDetailViewController.swift; sourceTree = "<group>"; };
		0ACFA3C227A19E1D00FB116C /* CustomLoadingView.swift */ = {isa = PBXFileReference; lastKnownFileType = sourcecode.swift; path = CustomLoadingView.swift; sourceTree = "<group>"; };
		0ACFA3CD27A19F1C00FB116C /* iron-anim.json */ = {isa = PBXFileReference; fileEncoding = 4; lastKnownFileType = text.json; path = "iron-anim.json"; sourceTree = "<group>"; };
		173E091DB83A654ACC6D77CD /* Pods_MarvelProject_MarvelProjectUITests.framework */ = {isa = PBXFileReference; explicitFileType = wrapper.framework; includeInIndex = 0; path = Pods_MarvelProject_MarvelProjectUITests.framework; sourceTree = BUILT_PRODUCTS_DIR; };
		32EE0A639DDB346276D93A99 /* Pods-MarvelProjectTests.debug.xcconfig */ = {isa = PBXFileReference; includeInIndex = 1; lastKnownFileType = text.xcconfig; name = "Pods-MarvelProjectTests.debug.xcconfig"; path = "Target Support Files/Pods-MarvelProjectTests/Pods-MarvelProjectTests.debug.xcconfig"; sourceTree = "<group>"; };
		6A149A5E297FE947AB41BF06 /* Pods_MarvelProjectTests.framework */ = {isa = PBXFileReference; explicitFileType = wrapper.framework; includeInIndex = 0; path = Pods_MarvelProjectTests.framework; sourceTree = BUILT_PRODUCTS_DIR; };
		BB0BF3A80CB239FB6838EBB6 /* Pods-MarvelProject-MarvelProjectUITests.debug.xcconfig */ = {isa = PBXFileReference; includeInIndex = 1; lastKnownFileType = text.xcconfig; name = "Pods-MarvelProject-MarvelProjectUITests.debug.xcconfig"; path = "Target Support Files/Pods-MarvelProject-MarvelProjectUITests/Pods-MarvelProject-MarvelProjectUITests.debug.xcconfig"; sourceTree = "<group>"; };
		C9CD28B16E45E4F5EEB14AA7 /* Pods-MarvelProject.release.xcconfig */ = {isa = PBXFileReference; includeInIndex = 1; lastKnownFileType = text.xcconfig; name = "Pods-MarvelProject.release.xcconfig"; path = "Target Support Files/Pods-MarvelProject/Pods-MarvelProject.release.xcconfig"; sourceTree = "<group>"; };
		ECF2A94A9C09C56CDF5F4965 /* Pods-MarvelProject.debug.xcconfig */ = {isa = PBXFileReference; includeInIndex = 1; lastKnownFileType = text.xcconfig; name = "Pods-MarvelProject.debug.xcconfig"; path = "Target Support Files/Pods-MarvelProject/Pods-MarvelProject.debug.xcconfig"; sourceTree = "<group>"; };
/* End PBXFileReference section */

/* Begin PBXFrameworksBuildPhase section */
		0A182089279DA51F00C9C520 /* Frameworks */ = {
			isa = PBXFrameworksBuildPhase;
			buildActionMask = 2147483647;
			files = (
				FB3183DC08537D15C33D5905 /* Pods_MarvelProject.framework in Frameworks */,
			);
			runOnlyForDeploymentPostprocessing = 0;
		};
		0A18209F279DA52200C9C520 /* Frameworks */ = {
			isa = PBXFrameworksBuildPhase;
			buildActionMask = 2147483647;
			files = (
				051A6DD5BECAC792BC7F0378 /* Pods_MarvelProjectTests.framework in Frameworks */,
			);
			runOnlyForDeploymentPostprocessing = 0;
		};
		0A1820AA279DA52200C9C520 /* Frameworks */ = {
			isa = PBXFrameworksBuildPhase;
			buildActionMask = 2147483647;
			files = (
				89EFD85643D6D2130D5728A2 /* Pods_MarvelProject_MarvelProjectUITests.framework in Frameworks */,
			);
			runOnlyForDeploymentPostprocessing = 0;
		};
/* End PBXFrameworksBuildPhase section */

/* Begin PBXGroup section */
		0A182083279DA51F00C9C520 = {
			isa = PBXGroup;
			children = (
				0A18208E279DA51F00C9C520 /* MarvelProject */,
				0A1820A5279DA52200C9C520 /* MarvelProjectTests */,
				0A1820B0279DA52200C9C520 /* MarvelProjectUITests */,
				0A18208D279DA51F00C9C520 /* Products */,
				2FCA4CFE44A7F27207CBC7F5 /* Pods */,
				894AB95F636877ECCA94FA22 /* Frameworks */,
			);
			sourceTree = "<group>";
		};
		0A18208D279DA51F00C9C520 /* Products */ = {
			isa = PBXGroup;
			children = (
				0A18208C279DA51F00C9C520 /* MarvelProject.app */,
				0A1820A2279DA52200C9C520 /* MarvelProjectTests.xctest */,
				0A1820AD279DA52200C9C520 /* MarvelProjectUITests.xctest */,
			);
			name = Products;
			sourceTree = "<group>";
		};
		0A18208E279DA51F00C9C520 /* MarvelProject */ = {
			isa = PBXGroup;
			children = (
				0A1820FB279DA5C100C9C520 /* Modules */,
				0ACFA3C027A19DEF00FB116C /* Components */,
				0A7A1BB3279EFE0A00BADF08 /* Extensions */,
				0A182123279DAEC600C9C520 /* Models */,
				0A182101279DA67E00C9C520 /* API */,
				0ACFA3CC27A19EEB00FB116C /* Resources */,
				0A1820FA279DA58200C9C520 /* SupportingFiles */,
				0A182095279DA51F00C9C520 /* Main.storyboard */,
				0A18209A279DA52200C9C520 /* LaunchScreen.storyboard */,
			);
			path = MarvelProject;
			sourceTree = "<group>";
		};
		0A1820A5279DA52200C9C520 /* MarvelProjectTests */ = {
			isa = PBXGroup;
			children = (
				0A1820A6279DA52200C9C520 /* MarvelProjectTests.swift */,
				0A1820A8279DA52200C9C520 /* Info.plist */,
			);
			path = MarvelProjectTests;
			sourceTree = "<group>";
		};
		0A1820B0279DA52200C9C520 /* MarvelProjectUITests */ = {
			isa = PBXGroup;
			children = (
				0A1820B1279DA52200C9C520 /* MarvelProjectUITests.swift */,
				0A1820B3279DA52200C9C520 /* Info.plist */,
			);
			path = MarvelProjectUITests;
			sourceTree = "<group>";
		};
		0A1820FA279DA58200C9C520 /* SupportingFiles */ = {
			isa = PBXGroup;
			children = (
				0A18209D279DA52200C9C520 /* Info.plist */,
				0A182091279DA51F00C9C520 /* SceneDelegate.swift */,
				0A18208F279DA51F00C9C520 /* AppDelegate.swift */,
				0A182134279DC58000C9C520 /* Constants.swift */,
				0A7A1BC1279F067C00BADF08 /* Config.xcconfig */,
			);
			path = SupportingFiles;
			sourceTree = "<group>";
		};
		0A1820FB279DA5C100C9C520 /* Modules */ = {
			isa = PBXGroup;
			children = (
				0A1820FF279DA5FF00C9C520 /* CharacterList */,
				0A182100279DA62500C9C520 /* CharacterDetail */,
			);
			path = Modules;
			sourceTree = "<group>";
		};
		0A1820FF279DA5FF00C9C520 /* CharacterList */ = {
			isa = PBXGroup;
			children = (
				0A7A1BA6279EF8FE00BADF08 /* CharacterCell */,
				0A18212C279DB4D900C9C520 /* CharacterListViewController.swift */,
				0A182110279DAC9F00C9C520 /* CharaterListViewModel.swift */,
				0A182115279DACDC00C9C520 /* CharacterRepository.swift */,
			);
			path = CharacterList;
			sourceTree = "<group>";
		};
		0A182100279DA62500C9C520 /* CharacterDetail */ = {
			isa = PBXGroup;
			children = (
				0A97F8A227A1EB4600A2F6F2 /* CharacterDetailViewController.swift */,
				0A97F89D27A1E72100A2F6F2 /* CharacterDetailViewModel.swift */,
			);
			path = CharacterDetail;
			sourceTree = "<group>";
		};
		0A182101279DA67E00C9C520 /* API */ = {
			isa = PBXGroup;
			children = (
				0A182102279DA6CE00C9C520 /* ApiInterface.swift */,
				0A182107279DA8BC00C9C520 /* Api.swift */,
				0A18211A279DAE1E00C9C520 /* APIs */,
				0A7A1BA1279EF09000BADF08 /* ApiError.swift */,
			);
			path = API;
			sourceTree = "<group>";
		};
		0A18211A279DAE1E00C9C520 /* APIs */ = {
			isa = PBXGroup;
			children = (
				0A18211B279DAE3700C9C520 /* CharactersAPI.swift */,
			);
			path = APIs;
			sourceTree = "<group>";
		};
		0A182123279DAEC600C9C520 /* Models */ = {
			isa = PBXGroup;
			children = (
				0A7A1B9A279EEAC100BADF08 /* responseDTO */,
				0A182124279DAED500C9C520 /* Character.swift */,
			);
			path = Models;
			sourceTree = "<group>";
		};
		0A7A1B9A279EEAC100BADF08 /* responseDTO */ = {
			isa = PBXGroup;
			children = (
				0A7A1B9B279EEAD900BADF08 /* CharactersResponseDTO.swift */,
				0A22918827A03EAC00D06AC6 /* ResponseData.swift */,
			);
			path = responseDTO;
			sourceTree = "<group>";
		};
		0A7A1BA6279EF8FE00BADF08 /* CharacterCell */ = {
			isa = PBXGroup;
			children = (
				0A7A1BA7279EF92600BADF08 /* CharacterTableViewCell.swift */,
				0A7A1BAE279EFA7F00BADF08 /* CharacterViewModel.swift */,
				0A7A1BA8279EF92600BADF08 /* CharacterTableViewCell.xib */,
			);
			path = CharacterCell;
			sourceTree = "<group>";
		};
		0A7A1BB3279EFE0A00BADF08 /* Extensions */ = {
			isa = PBXGroup;
			children = (
				0A7A1BB4279EFE1D00BADF08 /* StringExtension.swift */,
				0A1FD67C27A09EF4001A9D15 /* UIImageView.swift */,
				0A1FD68127A0A8EE001A9D15 /* UIViewExtension.swift */,
			);
			path = Extensions;
			sourceTree = "<group>";
		};
		0ACFA3C027A19DEF00FB116C /* Components */ = {
			isa = PBXGroup;
			children = (
				0ACFA3C127A19DF700FB116C /* CustomLoadingView */,
			);
			path = Components;
			sourceTree = "<group>";
		};
		0ACFA3C127A19DF700FB116C /* CustomLoadingView */ = {
			isa = PBXGroup;
			children = (
				0ACFA3C227A19E1D00FB116C /* CustomLoadingView.swift */,
			);
			path = CustomLoadingView;
			sourceTree = "<group>";
		};
		0ACFA3CC27A19EEB00FB116C /* Resources */ = {
			isa = PBXGroup;
			children = (
				0ACFA3CD27A19F1C00FB116C /* iron-anim.json */,
				0A182098279DA52200C9C520 /* Assets.xcassets */,
			);
			path = Resources;
			sourceTree = "<group>";
		};
		2FCA4CFE44A7F27207CBC7F5 /* Pods */ = {
			isa = PBXGroup;
			children = (
				ECF2A94A9C09C56CDF5F4965 /* Pods-MarvelProject.debug.xcconfig */,
				C9CD28B16E45E4F5EEB14AA7 /* Pods-MarvelProject.release.xcconfig */,
				BB0BF3A80CB239FB6838EBB6 /* Pods-MarvelProject-MarvelProjectUITests.debug.xcconfig */,
				090CD07DCE3C0499474085B9 /* Pods-MarvelProject-MarvelProjectUITests.release.xcconfig */,
				32EE0A639DDB346276D93A99 /* Pods-MarvelProjectTests.debug.xcconfig */,
				09A1CD1FF4AD99B16294C4D2 /* Pods-MarvelProjectTests.release.xcconfig */,
			);
			path = Pods;
			sourceTree = "<group>";
		};
		894AB95F636877ECCA94FA22 /* Frameworks */ = {
			isa = PBXGroup;
			children = (
				089A85389E564E6BD544CCC7 /* Pods_MarvelProject.framework */,
				173E091DB83A654ACC6D77CD /* Pods_MarvelProject_MarvelProjectUITests.framework */,
				6A149A5E297FE947AB41BF06 /* Pods_MarvelProjectTests.framework */,
			);
			name = Frameworks;
			sourceTree = "<group>";
		};
/* End PBXGroup section */

/* Begin PBXNativeTarget section */
		0A18208B279DA51F00C9C520 /* MarvelProject */ = {
			isa = PBXNativeTarget;
			buildConfigurationList = 0A1820B6279DA52200C9C520 /* Build configuration list for PBXNativeTarget "MarvelProject" */;
			buildPhases = (
				B9253940661057BC53030D12 /* [CP] Check Pods Manifest.lock */,
				0A182088279DA51F00C9C520 /* Sources */,
				0A182089279DA51F00C9C520 /* Frameworks */,
				0A18208A279DA51F00C9C520 /* Resources */,
				4473F446F75104697779E58B /* [CP] Embed Pods Frameworks */,
			);
			buildRules = (
			);
			dependencies = (
			);
			name = MarvelProject;
			productName = MarvelProject;
			productReference = 0A18208C279DA51F00C9C520 /* MarvelProject.app */;
			productType = "com.apple.product-type.application";
		};
		0A1820A1279DA52200C9C520 /* MarvelProjectTests */ = {
			isa = PBXNativeTarget;
			buildConfigurationList = 0A1820B9279DA52200C9C520 /* Build configuration list for PBXNativeTarget "MarvelProjectTests" */;
			buildPhases = (
				689BD883FA6393298E7903F3 /* [CP] Check Pods Manifest.lock */,
				0A18209E279DA52200C9C520 /* Sources */,
				0A18209F279DA52200C9C520 /* Frameworks */,
				0A1820A0279DA52200C9C520 /* Resources */,
			);
			buildRules = (
			);
			dependencies = (
				0A1820A4279DA52200C9C520 /* PBXTargetDependency */,
			);
			name = MarvelProjectTests;
			productName = MarvelProjectTests;
			productReference = 0A1820A2279DA52200C9C520 /* MarvelProjectTests.xctest */;
			productType = "com.apple.product-type.bundle.unit-test";
		};
		0A1820AC279DA52200C9C520 /* MarvelProjectUITests */ = {
			isa = PBXNativeTarget;
			buildConfigurationList = 0A1820BC279DA52200C9C520 /* Build configuration list for PBXNativeTarget "MarvelProjectUITests" */;
			buildPhases = (
				3F9565C8076924E90C4EB19C /* [CP] Check Pods Manifest.lock */,
				0A1820A9279DA52200C9C520 /* Sources */,
				0A1820AA279DA52200C9C520 /* Frameworks */,
				0A1820AB279DA52200C9C520 /* Resources */,
				4A732E9E15895BA472ACB834 /* [CP] Embed Pods Frameworks */,
			);
			buildRules = (
			);
			dependencies = (
				0A1820AF279DA52200C9C520 /* PBXTargetDependency */,
			);
			name = MarvelProjectUITests;
			productName = MarvelProjectUITests;
			productReference = 0A1820AD279DA52200C9C520 /* MarvelProjectUITests.xctest */;
			productType = "com.apple.product-type.bundle.ui-testing";
		};
/* End PBXNativeTarget section */

/* Begin PBXProject section */
		0A182084279DA51F00C9C520 /* Project object */ = {
			isa = PBXProject;
			attributes = {
				LastSwiftUpdateCheck = 1240;
				LastUpgradeCheck = 1240;
				TargetAttributes = {
					0A18208B279DA51F00C9C520 = {
						CreatedOnToolsVersion = 12.4;
					};
					0A1820A1279DA52200C9C520 = {
						CreatedOnToolsVersion = 12.4;
						TestTargetID = 0A18208B279DA51F00C9C520;
					};
					0A1820AC279DA52200C9C520 = {
						CreatedOnToolsVersion = 12.4;
						TestTargetID = 0A18208B279DA51F00C9C520;
					};
				};
			};
			buildConfigurationList = 0A182087279DA51F00C9C520 /* Build configuration list for PBXProject "MarvelProject" */;
			compatibilityVersion = "Xcode 9.3";
			developmentRegion = en;
			hasScannedForEncodings = 0;
			knownRegions = (
				en,
				Base,
			);
			mainGroup = 0A182083279DA51F00C9C520;
			productRefGroup = 0A18208D279DA51F00C9C520 /* Products */;
			projectDirPath = "";
			projectRoot = "";
			targets = (
				0A18208B279DA51F00C9C520 /* MarvelProject */,
				0A1820A1279DA52200C9C520 /* MarvelProjectTests */,
				0A1820AC279DA52200C9C520 /* MarvelProjectUITests */,
			);
		};
/* End PBXProject section */

/* Begin PBXResourcesBuildPhase section */
		0A18208A279DA51F00C9C520 /* Resources */ = {
			isa = PBXResourcesBuildPhase;
			buildActionMask = 2147483647;
			files = (
				0ACFA3CE27A19F1C00FB116C /* iron-anim.json in Resources */,
				0A18209C279DA52200C9C520 /* LaunchScreen.storyboard in Resources */,
				0A182099279DA52200C9C520 /* Assets.xcassets in Resources */,
				0A182097279DA51F00C9C520 /* Main.storyboard in Resources */,
				0A7A1BAA279EF92600BADF08 /* CharacterTableViewCell.xib in Resources */,
			);
			runOnlyForDeploymentPostprocessing = 0;
		};
		0A1820A0279DA52200C9C520 /* Resources */ = {
			isa = PBXResourcesBuildPhase;
			buildActionMask = 2147483647;
			files = (
			);
			runOnlyForDeploymentPostprocessing = 0;
		};
		0A1820AB279DA52200C9C520 /* Resources */ = {
			isa = PBXResourcesBuildPhase;
			buildActionMask = 2147483647;
			files = (
			);
			runOnlyForDeploymentPostprocessing = 0;
		};
/* End PBXResourcesBuildPhase section */

/* Begin PBXShellScriptBuildPhase section */
		3F9565C8076924E90C4EB19C /* [CP] Check Pods Manifest.lock */ = {
			isa = PBXShellScriptBuildPhase;
			buildActionMask = 2147483647;
			files = (
			);
			inputFileListPaths = (
			);
			inputPaths = (
				"${PODS_PODFILE_DIR_PATH}/Podfile.lock",
				"${PODS_ROOT}/Manifest.lock",
			);
			name = "[CP] Check Pods Manifest.lock";
			outputFileListPaths = (
			);
			outputPaths = (
				"$(DERIVED_FILE_DIR)/Pods-MarvelProject-MarvelProjectUITests-checkManifestLockResult.txt",
			);
			runOnlyForDeploymentPostprocessing = 0;
			shellPath = /bin/sh;
			shellScript = "diff \"${PODS_PODFILE_DIR_PATH}/Podfile.lock\" \"${PODS_ROOT}/Manifest.lock\" > /dev/null\nif [ $? != 0 ] ; then\n    # print error to STDERR\n    echo \"error: The sandbox is not in sync with the Podfile.lock. Run 'pod install' or update your CocoaPods installation.\" >&2\n    exit 1\nfi\n# This output is used by Xcode 'outputs' to avoid re-running this script phase.\necho \"SUCCESS\" > \"${SCRIPT_OUTPUT_FILE_0}\"\n";
			showEnvVarsInLog = 0;
		};
		4473F446F75104697779E58B /* [CP] Embed Pods Frameworks */ = {
			isa = PBXShellScriptBuildPhase;
			buildActionMask = 2147483647;
			files = (
			);
			inputFileListPaths = (
				"${PODS_ROOT}/Target Support Files/Pods-MarvelProject/Pods-MarvelProject-frameworks-${CONFIGURATION}-input-files.xcfilelist",
			);
			name = "[CP] Embed Pods Frameworks";
			outputFileListPaths = (
				"${PODS_ROOT}/Target Support Files/Pods-MarvelProject/Pods-MarvelProject-frameworks-${CONFIGURATION}-output-files.xcfilelist",
			);
			runOnlyForDeploymentPostprocessing = 0;
			shellPath = /bin/sh;
			shellScript = "\"${PODS_ROOT}/Target Support Files/Pods-MarvelProject/Pods-MarvelProject-frameworks.sh\"\n";
			showEnvVarsInLog = 0;
		};
		4A732E9E15895BA472ACB834 /* [CP] Embed Pods Frameworks */ = {
			isa = PBXShellScriptBuildPhase;
			buildActionMask = 2147483647;
			files = (
			);
			inputFileListPaths = (
				"${PODS_ROOT}/Target Support Files/Pods-MarvelProject-MarvelProjectUITests/Pods-MarvelProject-MarvelProjectUITests-frameworks-${CONFIGURATION}-input-files.xcfilelist",
			);
			name = "[CP] Embed Pods Frameworks";
			outputFileListPaths = (
				"${PODS_ROOT}/Target Support Files/Pods-MarvelProject-MarvelProjectUITests/Pods-MarvelProject-MarvelProjectUITests-frameworks-${CONFIGURATION}-output-files.xcfilelist",
			);
			runOnlyForDeploymentPostprocessing = 0;
			shellPath = /bin/sh;
			shellScript = "\"${PODS_ROOT}/Target Support Files/Pods-MarvelProject-MarvelProjectUITests/Pods-MarvelProject-MarvelProjectUITests-frameworks.sh\"\n";
			showEnvVarsInLog = 0;
		};
		689BD883FA6393298E7903F3 /* [CP] Check Pods Manifest.lock */ = {
			isa = PBXShellScriptBuildPhase;
			buildActionMask = 2147483647;
			files = (
			);
			inputFileListPaths = (
			);
			inputPaths = (
				"${PODS_PODFILE_DIR_PATH}/Podfile.lock",
				"${PODS_ROOT}/Manifest.lock",
			);
			name = "[CP] Check Pods Manifest.lock";
			outputFileListPaths = (
			);
			outputPaths = (
				"$(DERIVED_FILE_DIR)/Pods-MarvelProjectTests-checkManifestLockResult.txt",
			);
			runOnlyForDeploymentPostprocessing = 0;
			shellPath = /bin/sh;
			shellScript = "diff \"${PODS_PODFILE_DIR_PATH}/Podfile.lock\" \"${PODS_ROOT}/Manifest.lock\" > /dev/null\nif [ $? != 0 ] ; then\n    # print error to STDERR\n    echo \"error: The sandbox is not in sync with the Podfile.lock. Run 'pod install' or update your CocoaPods installation.\" >&2\n    exit 1\nfi\n# This output is used by Xcode 'outputs' to avoid re-running this script phase.\necho \"SUCCESS\" > \"${SCRIPT_OUTPUT_FILE_0}\"\n";
			showEnvVarsInLog = 0;
		};
		B9253940661057BC53030D12 /* [CP] Check Pods Manifest.lock */ = {
			isa = PBXShellScriptBuildPhase;
			buildActionMask = 2147483647;
			files = (
			);
			inputFileListPaths = (
			);
			inputPaths = (
				"${PODS_PODFILE_DIR_PATH}/Podfile.lock",
				"${PODS_ROOT}/Manifest.lock",
			);
			name = "[CP] Check Pods Manifest.lock";
			outputFileListPaths = (
			);
			outputPaths = (
				"$(DERIVED_FILE_DIR)/Pods-MarvelProject-checkManifestLockResult.txt",
			);
			runOnlyForDeploymentPostprocessing = 0;
			shellPath = /bin/sh;
			shellScript = "diff \"${PODS_PODFILE_DIR_PATH}/Podfile.lock\" \"${PODS_ROOT}/Manifest.lock\" > /dev/null\nif [ $? != 0 ] ; then\n    # print error to STDERR\n    echo \"error: The sandbox is not in sync with the Podfile.lock. Run 'pod install' or update your CocoaPods installation.\" >&2\n    exit 1\nfi\n# This output is used by Xcode 'outputs' to avoid re-running this script phase.\necho \"SUCCESS\" > \"${SCRIPT_OUTPUT_FILE_0}\"\n";
			showEnvVarsInLog = 0;
		};
/* End PBXShellScriptBuildPhase section */

/* Begin PBXSourcesBuildPhase section */
		0A182088279DA51F00C9C520 /* Sources */ = {
			isa = PBXSourcesBuildPhase;
			buildActionMask = 2147483647;
			files = (
				0A182090279DA51F00C9C520 /* AppDelegate.swift in Sources */,
				0A7A1BA9279EF92600BADF08 /* CharacterTableViewCell.swift in Sources */,
				0A7A1BB5279EFE1D00BADF08 /* StringExtension.swift in Sources */,
				0A182092279DA51F00C9C520 /* SceneDelegate.swift in Sources */,
				0A97F8A327A1EB4600A2F6F2 /* CharacterDetailViewController.swift in Sources */,
				0A182108279DA8BC00C9C520 /* Api.swift in Sources */,
				0A182103279DA6CE00C9C520 /* ApiInterface.swift in Sources */,
				0A1FD68227A0A8EE001A9D15 /* UIViewExtension.swift in Sources */,
				0A18212D279DB4D900C9C520 /* CharacterListViewController.swift in Sources */,
				0ACFA3C327A19E1D00FB116C /* CustomLoadingView.swift in Sources */,
				0A7A1BA2279EF09100BADF08 /* ApiError.swift in Sources */,
				0A182135279DC58000C9C520 /* Constants.swift in Sources */,
				0A7A1BAF279EFA7F00BADF08 /* CharacterViewModel.swift in Sources */,
				0A18211C279DAE3700C9C520 /* CharactersAPI.swift in Sources */,
				0A182111279DAC9F00C9C520 /* CharaterListViewModel.swift in Sources */,
				0A182116279DACDC00C9C520 /* CharacterRepository.swift in Sources */,
				0A182125279DAED500C9C520 /* Character.swift in Sources */,
				0A7A1B9C279EEAD900BADF08 /* CharactersResponseDTO.swift in Sources */,
				0A97F89E27A1E72100A2F6F2 /* CharacterDetailViewModel.swift in Sources */,
				0A1FD67D27A09EF4001A9D15 /* UIImageView.swift in Sources */,
				0A22918927A03EAC00D06AC6 /* ResponseData.swift in Sources */,
			);
			runOnlyForDeploymentPostprocessing = 0;
		};
		0A18209E279DA52200C9C520 /* Sources */ = {
			isa = PBXSourcesBuildPhase;
			buildActionMask = 2147483647;
			files = (
				0A1820A7279DA52200C9C520 /* MarvelProjectTests.swift in Sources */,
			);
			runOnlyForDeploymentPostprocessing = 0;
		};
		0A1820A9279DA52200C9C520 /* Sources */ = {
			isa = PBXSourcesBuildPhase;
			buildActionMask = 2147483647;
			files = (
				0A1820B2279DA52200C9C520 /* MarvelProjectUITests.swift in Sources */,
			);
			runOnlyForDeploymentPostprocessing = 0;
		};
/* End PBXSourcesBuildPhase section */

/* Begin PBXTargetDependency section */
		0A1820A4279DA52200C9C520 /* PBXTargetDependency */ = {
			isa = PBXTargetDependency;
			target = 0A18208B279DA51F00C9C520 /* MarvelProject */;
			targetProxy = 0A1820A3279DA52200C9C520 /* PBXContainerItemProxy */;
		};
		0A1820AF279DA52200C9C520 /* PBXTargetDependency */ = {
			isa = PBXTargetDependency;
			target = 0A18208B279DA51F00C9C520 /* MarvelProject */;
			targetProxy = 0A1820AE279DA52200C9C520 /* PBXContainerItemProxy */;
		};
/* End PBXTargetDependency section */

/* Begin PBXVariantGroup section */
		0A182095279DA51F00C9C520 /* Main.storyboard */ = {
			isa = PBXVariantGroup;
			children = (
				0A182096279DA51F00C9C520 /* Base */,
			);
			name = Main.storyboard;
			sourceTree = "<group>";
		};
		0A18209A279DA52200C9C520 /* LaunchScreen.storyboard */ = {
			isa = PBXVariantGroup;
			children = (
				0A18209B279DA52200C9C520 /* Base */,
			);
			name = LaunchScreen.storyboard;
			sourceTree = "<group>";
		};
/* End PBXVariantGroup section */

/* Begin XCBuildConfiguration section */
		0A1820B4279DA52200C9C520 /* Debug */ = {
			isa = XCBuildConfiguration;
			baseConfigurationReference = 0A7A1BC1279F067C00BADF08 /* Config.xcconfig */;
			buildSettings = {
				ALWAYS_SEARCH_USER_PATHS = NO;
				CLANG_ANALYZER_NONNULL = YES;
				CLANG_ANALYZER_NUMBER_OBJECT_CONVERSION = YES_AGGRESSIVE;
				CLANG_CXX_LANGUAGE_STANDARD = "gnu++14";
				CLANG_CXX_LIBRARY = "libc++";
				CLANG_ENABLE_MODULES = YES;
				CLANG_ENABLE_OBJC_ARC = YES;
				CLANG_ENABLE_OBJC_WEAK = YES;
				CLANG_WARN_BLOCK_CAPTURE_AUTORELEASING = YES;
				CLANG_WARN_BOOL_CONVERSION = YES;
				CLANG_WARN_COMMA = YES;
				CLANG_WARN_CONSTANT_CONVERSION = YES;
				CLANG_WARN_DEPRECATED_OBJC_IMPLEMENTATIONS = YES;
				CLANG_WARN_DIRECT_OBJC_ISA_USAGE = YES_ERROR;
				CLANG_WARN_DOCUMENTATION_COMMENTS = YES;
				CLANG_WARN_EMPTY_BODY = YES;
				CLANG_WARN_ENUM_CONVERSION = YES;
				CLANG_WARN_INFINITE_RECURSION = YES;
				CLANG_WARN_INT_CONVERSION = YES;
				CLANG_WARN_NON_LITERAL_NULL_CONVERSION = YES;
				CLANG_WARN_OBJC_IMPLICIT_RETAIN_SELF = YES;
				CLANG_WARN_OBJC_LITERAL_CONVERSION = YES;
				CLANG_WARN_OBJC_ROOT_CLASS = YES_ERROR;
				CLANG_WARN_QUOTED_INCLUDE_IN_FRAMEWORK_HEADER = YES;
				CLANG_WARN_RANGE_LOOP_ANALYSIS = YES;
				CLANG_WARN_STRICT_PROTOTYPES = YES;
				CLANG_WARN_SUSPICIOUS_MOVE = YES;
				CLANG_WARN_UNGUARDED_AVAILABILITY = YES_AGGRESSIVE;
				CLANG_WARN_UNREACHABLE_CODE = YES;
				CLANG_WARN__DUPLICATE_METHOD_MATCH = YES;
				COPY_PHASE_STRIP = NO;
				DEBUG_INFORMATION_FORMAT = dwarf;
				ENABLE_STRICT_OBJC_MSGSEND = YES;
				ENABLE_TESTABILITY = YES;
				GCC_C_LANGUAGE_STANDARD = gnu11;
				GCC_DYNAMIC_NO_PIC = NO;
				GCC_NO_COMMON_BLOCKS = YES;
				GCC_OPTIMIZATION_LEVEL = 0;
				GCC_PREPROCESSOR_DEFINITIONS = (
					"DEBUG=1",
					"$(inherited)",
				);
				GCC_WARN_64_TO_32_BIT_CONVERSION = YES;
				GCC_WARN_ABOUT_RETURN_TYPE = YES_ERROR;
				GCC_WARN_UNDECLARED_SELECTOR = YES;
				GCC_WARN_UNINITIALIZED_AUTOS = YES_AGGRESSIVE;
				GCC_WARN_UNUSED_FUNCTION = YES;
				GCC_WARN_UNUSED_VARIABLE = YES;
				IPHONEOS_DEPLOYMENT_TARGET = 14.4;
				MTL_ENABLE_DEBUG_INFO = INCLUDE_SOURCE;
				MTL_FAST_MATH = YES;
				ONLY_ACTIVE_ARCH = YES;
				SDKROOT = iphoneos;
				SWIFT_ACTIVE_COMPILATION_CONDITIONS = DEBUG;
				SWIFT_OPTIMIZATION_LEVEL = "-Onone";
			};
			name = Debug;
		};
		0A1820B5279DA52200C9C520 /* Release */ = {
			isa = XCBuildConfiguration;
			baseConfigurationReference = 0A7A1BC1279F067C00BADF08 /* Config.xcconfig */;
			buildSettings = {
				ALWAYS_SEARCH_USER_PATHS = NO;
				CLANG_ANALYZER_NONNULL = YES;
				CLANG_ANALYZER_NUMBER_OBJECT_CONVERSION = YES_AGGRESSIVE;
				CLANG_CXX_LANGUAGE_STANDARD = "gnu++14";
				CLANG_CXX_LIBRARY = "libc++";
				CLANG_ENABLE_MODULES = YES;
				CLANG_ENABLE_OBJC_ARC = YES;
				CLANG_ENABLE_OBJC_WEAK = YES;
				CLANG_WARN_BLOCK_CAPTURE_AUTORELEASING = YES;
				CLANG_WARN_BOOL_CONVERSION = YES;
				CLANG_WARN_COMMA = YES;
				CLANG_WARN_CONSTANT_CONVERSION = YES;
				CLANG_WARN_DEPRECATED_OBJC_IMPLEMENTATIONS = YES;
				CLANG_WARN_DIRECT_OBJC_ISA_USAGE = YES_ERROR;
				CLANG_WARN_DOCUMENTATION_COMMENTS = YES;
				CLANG_WARN_EMPTY_BODY = YES;
				CLANG_WARN_ENUM_CONVERSION = YES;
				CLANG_WARN_INFINITE_RECURSION = YES;
				CLANG_WARN_INT_CONVERSION = YES;
				CLANG_WARN_NON_LITERAL_NULL_CONVERSION = YES;
				CLANG_WARN_OBJC_IMPLICIT_RETAIN_SELF = YES;
				CLANG_WARN_OBJC_LITERAL_CONVERSION = YES;
				CLANG_WARN_OBJC_ROOT_CLASS = YES_ERROR;
				CLANG_WARN_QUOTED_INCLUDE_IN_FRAMEWORK_HEADER = YES;
				CLANG_WARN_RANGE_LOOP_ANALYSIS = YES;
				CLANG_WARN_STRICT_PROTOTYPES = YES;
				CLANG_WARN_SUSPICIOUS_MOVE = YES;
				CLANG_WARN_UNGUARDED_AVAILABILITY = YES_AGGRESSIVE;
				CLANG_WARN_UNREACHABLE_CODE = YES;
				CLANG_WARN__DUPLICATE_METHOD_MATCH = YES;
				COPY_PHASE_STRIP = NO;
				DEBUG_INFORMATION_FORMAT = "dwarf-with-dsym";
				ENABLE_NS_ASSERTIONS = NO;
				ENABLE_STRICT_OBJC_MSGSEND = YES;
				GCC_C_LANGUAGE_STANDARD = gnu11;
				GCC_NO_COMMON_BLOCKS = YES;
				GCC_WARN_64_TO_32_BIT_CONVERSION = YES;
				GCC_WARN_ABOUT_RETURN_TYPE = YES_ERROR;
				GCC_WARN_UNDECLARED_SELECTOR = YES;
				GCC_WARN_UNINITIALIZED_AUTOS = YES_AGGRESSIVE;
				GCC_WARN_UNUSED_FUNCTION = YES;
				GCC_WARN_UNUSED_VARIABLE = YES;
				IPHONEOS_DEPLOYMENT_TARGET = 14.4;
				MTL_ENABLE_DEBUG_INFO = NO;
				MTL_FAST_MATH = YES;
				SDKROOT = iphoneos;
				SWIFT_COMPILATION_MODE = wholemodule;
				SWIFT_OPTIMIZATION_LEVEL = "-O";
				VALIDATE_PRODUCT = YES;
			};
			name = Release;
		};
		0A1820B7279DA52200C9C520 /* Debug */ = {
			isa = XCBuildConfiguration;
			baseConfigurationReference = ECF2A94A9C09C56CDF5F4965 /* Pods-MarvelProject.debug.xcconfig */;
			buildSettings = {
				ASSETCATALOG_COMPILER_APPICON_NAME = AppIcon;
				ASSETCATALOG_COMPILER_GLOBAL_ACCENT_COLOR_NAME = AccentColor;
				CODE_SIGN_STYLE = Automatic;
				DEVELOPMENT_TEAM = 9KVLLZ5V4G;
				INFOPLIST_FILE = MarvelProject/SupportingFiles/Info.plist;
				LD_RUNPATH_SEARCH_PATHS = (
					"$(inherited)",
					"@executable_path/Frameworks",
				);
				PRODUCT_BUNDLE_IDENTIFIER = demo.MarvelProject;
				PRODUCT_NAME = "$(TARGET_NAME)";
				SWIFT_VERSION = 5.0;
				TARGETED_DEVICE_FAMILY = "1,2";
			};
			name = Debug;
		};
		0A1820B8279DA52200C9C520 /* Release */ = {
			isa = XCBuildConfiguration;
			baseConfigurationReference = C9CD28B16E45E4F5EEB14AA7 /* Pods-MarvelProject.release.xcconfig */;
			buildSettings = {
				ASSETCATALOG_COMPILER_APPICON_NAME = AppIcon;
				ASSETCATALOG_COMPILER_GLOBAL_ACCENT_COLOR_NAME = AccentColor;
				CODE_SIGN_STYLE = Automatic;
				DEVELOPMENT_TEAM = 9KVLLZ5V4G;
				INFOPLIST_FILE = MarvelProject/SupportingFiles/Info.plist;
				LD_RUNPATH_SEARCH_PATHS = (
					"$(inherited)",
					"@executable_path/Frameworks",
				);
				PRODUCT_BUNDLE_IDENTIFIER = demo.MarvelProject;
				PRODUCT_NAME = "$(TARGET_NAME)";
				SWIFT_VERSION = 5.0;
				TARGETED_DEVICE_FAMILY = "1,2";
			};
			name = Release;
		};
		0A1820BA279DA52200C9C520 /* Debug */ = {
			isa = XCBuildConfiguration;
			baseConfigurationReference = 32EE0A639DDB346276D93A99 /* Pods-MarvelProjectTests.debug.xcconfig */;
			buildSettings = {
				ALWAYS_EMBED_SWIFT_STANDARD_LIBRARIES = YES;
				BUNDLE_LOADER = "$(TEST_HOST)";
				CODE_SIGN_STYLE = Automatic;
				DEVELOPMENT_TEAM = 9KVLLZ5V4G;
				INFOPLIST_FILE = MarvelProjectTests/Info.plist;
				IPHONEOS_DEPLOYMENT_TARGET = 14.4;
				LD_RUNPATH_SEARCH_PATHS = (
					"$(inherited)",
					"@executable_path/Frameworks",
					"@loader_path/Frameworks",
				);
				PRODUCT_BUNDLE_IDENTIFIER = demo.MarvelProjectTests;
				PRODUCT_NAME = "$(TARGET_NAME)";
				SWIFT_VERSION = 5.0;
				TARGETED_DEVICE_FAMILY = "1,2";
				TEST_HOST = "$(BUILT_PRODUCTS_DIR)/MarvelProject.app/MarvelProject";
			};
			name = Debug;
		};
		0A1820BB279DA52200C9C520 /* Release */ = {
			isa = XCBuildConfiguration;
			baseConfigurationReference = 09A1CD1FF4AD99B16294C4D2 /* Pods-MarvelProjectTests.release.xcconfig */;
			buildSettings = {
				ALWAYS_EMBED_SWIFT_STANDARD_LIBRARIES = YES;
				BUNDLE_LOADER = "$(TEST_HOST)";
				CODE_SIGN_STYLE = Automatic;
				DEVELOPMENT_TEAM = 9KVLLZ5V4G;
				INFOPLIST_FILE = MarvelProjectTests/Info.plist;
				IPHONEOS_DEPLOYMENT_TARGET = 14.4;
				LD_RUNPATH_SEARCH_PATHS = (
					"$(inherited)",
					"@executable_path/Frameworks",
					"@loader_path/Frameworks",
				);
				PRODUCT_BUNDLE_IDENTIFIER = demo.MarvelProjectTests;
				PRODUCT_NAME = "$(TARGET_NAME)";
				SWIFT_VERSION = 5.0;
				TARGETED_DEVICE_FAMILY = "1,2";
				TEST_HOST = "$(BUILT_PRODUCTS_DIR)/MarvelProject.app/MarvelProject";
			};
			name = Release;
		};
		0A1820BD279DA52200C9C520 /* Debug */ = {
			isa = XCBuildConfiguration;
			baseConfigurationReference = BB0BF3A80CB239FB6838EBB6 /* Pods-MarvelProject-MarvelProjectUITests.debug.xcconfig */;
			buildSettings = {
				ALWAYS_EMBED_SWIFT_STANDARD_LIBRARIES = YES;
				CODE_SIGN_STYLE = Automatic;
				DEVELOPMENT_TEAM = 9KVLLZ5V4G;
				INFOPLIST_FILE = MarvelProjectUITests/Info.plist;
				LD_RUNPATH_SEARCH_PATHS = (
					"$(inherited)",
					"@executable_path/Frameworks",
					"@loader_path/Frameworks",
				);
				PRODUCT_BUNDLE_IDENTIFIER = demo.MarvelProjectUITests;
				PRODUCT_NAME = "$(TARGET_NAME)";
				SWIFT_VERSION = 5.0;
				TARGETED_DEVICE_FAMILY = "1,2";
				TEST_TARGET_NAME = MarvelProject;
			};
			name = Debug;
		};
		0A1820BE279DA52200C9C520 /* Release */ = {
			isa = XCBuildConfiguration;
			baseConfigurationReference = 090CD07DCE3C0499474085B9 /* Pods-MarvelProject-MarvelProjectUITests.release.xcconfig */;
			buildSettings = {
				ALWAYS_EMBED_SWIFT_STANDARD_LIBRARIES = YES;
				CODE_SIGN_STYLE = Automatic;
				DEVELOPMENT_TEAM = 9KVLLZ5V4G;
				INFOPLIST_FILE = MarvelProjectUITests/Info.plist;
				LD_RUNPATH_SEARCH_PATHS = (
					"$(inherited)",
					"@executable_path/Frameworks",
					"@loader_path/Frameworks",
				);
				PRODUCT_BUNDLE_IDENTIFIER = demo.MarvelProjectUITests;
				PRODUCT_NAME = "$(TARGET_NAME)";
				SWIFT_VERSION = 5.0;
				TARGETED_DEVICE_FAMILY = "1,2";
				TEST_TARGET_NAME = MarvelProject;
			};
			name = Release;
		};
/* End XCBuildConfiguration section */

/* Begin XCConfigurationList section */
		0A182087279DA51F00C9C520 /* Build configuration list for PBXProject "MarvelProject" */ = {
			isa = XCConfigurationList;
			buildConfigurations = (
				0A1820B4279DA52200C9C520 /* Debug */,
				0A1820B5279DA52200C9C520 /* Release */,
			);
			defaultConfigurationIsVisible = 0;
			defaultConfigurationName = Release;
		};
		0A1820B6279DA52200C9C520 /* Build configuration list for PBXNativeTarget "MarvelProject" */ = {
			isa = XCConfigurationList;
			buildConfigurations = (
				0A1820B7279DA52200C9C520 /* Debug */,
				0A1820B8279DA52200C9C520 /* Release */,
			);
			defaultConfigurationIsVisible = 0;
			defaultConfigurationName = Release;
		};
		0A1820B9279DA52200C9C520 /* Build configuration list for PBXNativeTarget "MarvelProjectTests" */ = {
			isa = XCConfigurationList;
			buildConfigurations = (
				0A1820BA279DA52200C9C520 /* Debug */,
				0A1820BB279DA52200C9C520 /* Release */,
			);
			defaultConfigurationIsVisible = 0;
			defaultConfigurationName = Release;
		};
		0A1820BC279DA52200C9C520 /* Build configuration list for PBXNativeTarget "MarvelProjectUITests" */ = {
			isa = XCConfigurationList;
			buildConfigurations = (
				0A1820BD279DA52200C9C520 /* Debug */,
				0A1820BE279DA52200C9C520 /* Release */,
			);
			defaultConfigurationIsVisible = 0;
			defaultConfigurationName = Release;
		};
/* End XCConfigurationList section */
	};
	rootObject = 0A182084279DA51F00C9C520 /* Project object */;
}
